
Microsoft Visual Studio Solution File, Format Version 12.00
# Visual Studio 15
VisualStudioVersion = 15.0.27004.2005
MinimumVisualStudioVersion = 10.0.40219.1
Project("{9A19103F-16F7-4668-BE54-9A1E7A4F7556}") = "UrbanClassBooker", "UrbanClassBooker\UrbanClassBooker.csproj", "{129849BA-D389-4BC5-84E1-DD8C196C7A03}"
EndProject
Project("{9A19103F-16F7-4668-BE54-9A1E7A4F7556}") = "UrbanClassBooker.Tests", "UrbanClassBooker.Tests\UrbanClassBooker.Tests.csproj", "{6358B9AB-4090-4E00-B929-411F12C26D23}"
EndProject
Global
	GlobalSection(SolutionConfigurationPlatforms) = preSolution
		Debug|Any CPU = Debug|Any CPU
		Release|Any CPU = Release|Any CPU
	EndGlobalSection
	GlobalSection(ProjectConfigurationPlatforms) = postSolution
		{129849BA-D389-4BC5-84E1-DD8C196C7A03}.Debug|Any CPU.ActiveCfg = Debug|Any CPU
		{129849BA-D389-4BC5-84E1-DD8C196C7A03}.Debug|Any CPU.Build.0 = Debug|Any CPU
		{129849BA-D389-4BC5-84E1-DD8C196C7A03}.Release|Any CPU.ActiveCfg = Release|Any CPU
		{129849BA-D389-4BC5-84E1-DD8C196C7A03}.Release|Any CPU.Build.0 = Release|Any CPU
		{6358B9AB-4090-4E00-B929-411F12C26D23}.Debug|Any CPU.ActiveCfg = Debug|Any CPU
		{6358B9AB-4090-4E00-B929-411F12C26D23}.Debug|Any CPU.Build.0 = Debug|Any CPU
		{6358B9AB-4090-4E00-B929-411F12C26D23}.Release|Any CPU.ActiveCfg = Release|Any CPU
		{6358B9AB-4090-4E00-B929-411F12C26D23}.Release|Any CPU.Build.0 = Release|Any CPU
	EndGlobalSection
	GlobalSection(SolutionProperties) = preSolution
		HideSolutionNode = FALSE
	EndGlobalSection
	GlobalSection(ExtensibilityGlobals) = postSolution
		SolutionGuid = {821C19BF-9524-4350-9B12-09362BAE6323}
	EndGlobalSection
EndGlobal
